
Microsoft Visual Studio Solution File, Format Version 12.00
# Visual Studio Version 17
VisualStudioVersion = 17.0.31903.59
MinimumVisualStudioVersion = 10.0.40219.1
Project("{FAE04EC0-301F-11D3-BF4B-00C04F79EFBC}") = "InstaShare.Domain", "InstaShare.Domain\InstaShare.Domain.csproj", "{C6B9B315-608A-4BB9-A8DA-DAB978080706}"
EndProject
Project("{FAE04EC0-301F-11D3-BF4B-00C04F79EFBC}") = "InstaShare.WebApi", "InstaShare.WebApi\InstaShare.WebApi.csproj", "{C51A65F5-A310-4A22-83A9-A6AC70E0A6C7}"
EndProject
Project("{FAE04EC0-301F-11D3-BF4B-00C04F79EFBC}") = "InstaShare.FunctionalTests", "InstaShare.FunctionalTests\InstaShare.FunctionalTests.csproj", "{0F5C7C0F-22A2-47B8-B123-D88874DCEBBD}"
EndProject
Project("{FAE04EC0-301F-11D3-BF4B-00C04F79EFBC}") = "InstaShare.Infrastructure", "InstaShare.Infrastructure\InstaShare.Infrastructure.csproj", "{51B69B6B-AF3B-4E15-92B9-806CEB7C00E2}"
EndProject
Global
	GlobalSection(SolutionConfigurationPlatforms) = preSolution
		Debug|Any CPU = Debug|Any CPU
		Release|Any CPU = Release|Any CPU
	EndGlobalSection
	GlobalSection(SolutionProperties) = preSolution
		HideSolutionNode = FALSE
	EndGlobalSection
	GlobalSection(ProjectConfigurationPlatforms) = postSolution
		{C6B9B315-608A-4BB9-A8DA-DAB978080706}.Debug|Any CPU.ActiveCfg = Debug|Any CPU
		{C6B9B315-608A-4BB9-A8DA-DAB978080706}.Debug|Any CPU.Build.0 = Debug|Any CPU
		{C6B9B315-608A-4BB9-A8DA-DAB978080706}.Release|Any CPU.ActiveCfg = Release|Any CPU
		{C6B9B315-608A-4BB9-A8DA-DAB978080706}.Release|Any CPU.Build.0 = Release|Any CPU
		{C51A65F5-A310-4A22-83A9-A6AC70E0A6C7}.Debug|Any CPU.ActiveCfg = Debug|Any CPU
		{C51A65F5-A310-4A22-83A9-A6AC70E0A6C7}.Debug|Any CPU.Build.0 = Debug|Any CPU
		{C51A65F5-A310-4A22-83A9-A6AC70E0A6C7}.Release|Any CPU.ActiveCfg = Release|Any CPU
		{C51A65F5-A310-4A22-83A9-A6AC70E0A6C7}.Release|Any CPU.Build.0 = Release|Any CPU
		{0F5C7C0F-22A2-47B8-B123-D88874DCEBBD}.Debug|Any CPU.ActiveCfg = Debug|Any CPU
		{0F5C7C0F-22A2-47B8-B123-D88874DCEBBD}.Debug|Any CPU.Build.0 = Debug|Any CPU
		{0F5C7C0F-22A2-47B8-B123-D88874DCEBBD}.Release|Any CPU.ActiveCfg = Release|Any CPU
		{0F5C7C0F-22A2-47B8-B123-D88874DCEBBD}.Release|Any CPU.Build.0 = Release|Any CPU
		{51B69B6B-AF3B-4E15-92B9-806CEB7C00E2}.Debug|Any CPU.ActiveCfg = Debug|Any CPU
		{51B69B6B-AF3B-4E15-92B9-806CEB7C00E2}.Debug|Any CPU.Build.0 = Debug|Any CPU
		{51B69B6B-AF3B-4E15-92B9-806CEB7C00E2}.Release|Any CPU.ActiveCfg = Release|Any CPU
		{51B69B6B-AF3B-4E15-92B9-806CEB7C00E2}.Release|Any CPU.Build.0 = Release|Any CPU
	EndGlobalSection
EndGlobal
